
Microsoft Visual Studio Solution File, Format Version 12.00
# Visual Studio Version 17
VisualStudioVersion = 17.5.33530.505
MinimumVisualStudioVersion = 10.0.40219.1
Project("{FAE04EC0-301F-11D3-BF4B-00C04F79EFBC}") = "JokesWebApp", "JokesWebApp\JokesWebApp.csproj", "{C8B0171A-C873-4604-86BE-F76BFB942E70}"
EndProject
Global
	GlobalSection(SolutionConfigurationPlatforms) = preSolution
		Debug|Any CPU = Debug|Any CPU
		Release|Any CPU = Release|Any CPU
	EndGlobalSection
	GlobalSection(ProjectConfigurationPlatforms) = postSolution
		{C8B0171A-C873-4604-86BE-F76BFB942E70}.Debug|Any CPU.ActiveCfg = Debug|Any CPU
		{C8B0171A-C873-4604-86BE-F76BFB942E70}.Debug|Any CPU.Build.0 = Debug|Any CPU
		{C8B0171A-C873-4604-86BE-F76BFB942E70}.Release|Any CPU.ActiveCfg = Release|Any CPU
		{C8B0171A-C873-4604-86BE-F76BFB942E70}.Release|Any CPU.Build.0 = Release|Any CPU
	EndGlobalSection
	GlobalSection(SolutionProperties) = preSolution
		HideSolutionNode = FALSE
	EndGlobalSection
	GlobalSection(ExtensibilityGlobals) = postSolution
		SolutionGuid = {BB8D98E0-51A7-464E-A416-CEC25CD3A267}
	EndGlobalSection
EndGlobal
